
Microsoft Visual Studio Solution File, Format Version 12.00
# Visual Studio Version 16
VisualStudioVersion = 16.0.29409.12
MinimumVisualStudioVersion = 10.0.40219.1
Project("{FAE04EC0-301F-11D3-BF4B-00C04F79EFBC}") = "Sandbox", "Sandbox\Sandbox.csproj", "{4FB84273-2D30-4048-B404-2F10E92C0E3E}"
EndProject
Project("{FAE04EC0-301F-11D3-BF4B-00C04F79EFBC}") = "CarUnitTest", "CarUnitTest\CarUnitTest.csproj", "{B52894BB-F399-4421-8DDF-9795348DA355}"
EndProject
Global
	GlobalSection(SolutionConfigurationPlatforms) = preSolution
		Debug|Any CPU = Debug|Any CPU
		Release|Any CPU = Release|Any CPU
	EndGlobalSection
	GlobalSection(ProjectConfigurationPlatforms) = postSolution
		{4FB84273-2D30-4048-B404-2F10E92C0E3E}.Debug|Any CPU.ActiveCfg = Debug|Any CPU
		{4FB84273-2D30-4048-B404-2F10E92C0E3E}.Debug|Any CPU.Build.0 = Debug|Any CPU
		{4FB84273-2D30-4048-B404-2F10E92C0E3E}.Release|Any CPU.ActiveCfg = Release|Any CPU
		{4FB84273-2D30-4048-B404-2F10E92C0E3E}.Release|Any CPU.Build.0 = Release|Any CPU
		{B52894BB-F399-4421-8DDF-9795348DA355}.Debug|Any CPU.ActiveCfg = Debug|Any CPU
		{B52894BB-F399-4421-8DDF-9795348DA355}.Debug|Any CPU.Build.0 = Debug|Any CPU
		{B52894BB-F399-4421-8DDF-9795348DA355}.Release|Any CPU.ActiveCfg = Release|Any CPU
		{B52894BB-F399-4421-8DDF-9795348DA355}.Release|Any CPU.Build.0 = Release|Any CPU
	EndGlobalSection
	GlobalSection(SolutionProperties) = preSolution
		HideSolutionNode = FALSE
	EndGlobalSection
	GlobalSection(ExtensibilityGlobals) = postSolution
		SolutionGuid = {49D58486-C9E0-477F-8A96-B81F30E1858E}
	EndGlobalSection
EndGlobal
